
Microsoft Visual Studio Solution File, Format Version 12.00
# Visual Studio 2013
VisualStudioVersion = 12.0.30501.0
MinimumVisualStudioVersion = 10.0.40219.1
Project("{FAE04EC0-301F-11D3-BF4B-00C04F79EFBC}") = "Black ANT", "Black ANT\Black ANT.csproj", "{046D3313-825F-4D4D-BAE7-E6EA63C1D6A2}"
EndProject
Project("{2150E333-8FDC-42A3-9474-1A3956D46DE8}") = "Component", "Component", "{BABE9DFE-0A54-4633-9546-0C930F4EC2C4}"
EndProject
Project("{FAE04EC0-301F-11D3-BF4B-00C04F79EFBC}") = "DVTextBox", "Component\DVTextBox\DVTextBox.csproj", "{B3227810-9DDB-4AFB-BE19-1D5D50B94EF3}"
EndProject
Project("{FAE04EC0-301F-11D3-BF4B-00C04F79EFBC}") = "FileExtension", "Component\FileExtension\FileExtension.csproj", "{08533505-018C-47D8-B87D-DFF8C744CD12}"
EndProject
Project("{FAE04EC0-301F-11D3-BF4B-00C04F79EFBC}") = "FileExtensionUserControl", "Component\FileExtensionUserControl\FileExtensionUserControl.csproj", "{4766FB39-86F8-4BB6-88F0-5EDC177E9E0B}"
EndProject
Project("{FAE04EC0-301F-11D3-BF4B-00C04F79EFBC}") = "PictureBoxStatus", "Component\PictureBoxStatus\PictureBoxStatus.csproj", "{ACF2355D-7586-4571-ACAB-A219504A86CC}"
EndProject
Global
	GlobalSection(SolutionConfigurationPlatforms) = preSolution
		Debug|Any CPU = Debug|Any CPU
		Debug|x64 = Debug|x64
		Debug|x86 = Debug|x86
		Release|Any CPU = Release|Any CPU
		Release|x64 = Release|x64
		Release|x86 = Release|x86
	EndGlobalSection
	GlobalSection(ProjectConfigurationPlatforms) = postSolution
		{046D3313-825F-4D4D-BAE7-E6EA63C1D6A2}.Debug|Any CPU.ActiveCfg = Debug|Any CPU
		{046D3313-825F-4D4D-BAE7-E6EA63C1D6A2}.Debug|Any CPU.Build.0 = Debug|Any CPU
		{046D3313-825F-4D4D-BAE7-E6EA63C1D6A2}.Debug|x64.ActiveCfg = Debug|Any CPU
		{046D3313-825F-4D4D-BAE7-E6EA63C1D6A2}.Debug|x86.ActiveCfg = Debug|Any CPU
		{046D3313-825F-4D4D-BAE7-E6EA63C1D6A2}.Release|Any CPU.ActiveCfg = Release|Any CPU
		{046D3313-825F-4D4D-BAE7-E6EA63C1D6A2}.Release|Any CPU.Build.0 = Release|Any CPU
		{046D3313-825F-4D4D-BAE7-E6EA63C1D6A2}.Release|x64.ActiveCfg = Release|Any CPU
		{046D3313-825F-4D4D-BAE7-E6EA63C1D6A2}.Release|x86.ActiveCfg = Release|Any CPU
		{B3227810-9DDB-4AFB-BE19-1D5D50B94EF3}.Debug|Any CPU.ActiveCfg = Debug|Any CPU
		{B3227810-9DDB-4AFB-BE19-1D5D50B94EF3}.Debug|Any CPU.Build.0 = Debug|Any CPU
		{B3227810-9DDB-4AFB-BE19-1D5D50B94EF3}.Debug|x64.ActiveCfg = Debug|Any CPU
		{B3227810-9DDB-4AFB-BE19-1D5D50B94EF3}.Debug|x86.ActiveCfg = Debug|Any CPU
		{B3227810-9DDB-4AFB-BE19-1D5D50B94EF3}.Release|Any CPU.ActiveCfg = Release|Any CPU
		{B3227810-9DDB-4AFB-BE19-1D5D50B94EF3}.Release|Any CPU.Build.0 = Release|Any CPU
		{B3227810-9DDB-4AFB-BE19-1D5D50B94EF3}.Release|x64.ActiveCfg = Release|Any CPU
		{B3227810-9DDB-4AFB-BE19-1D5D50B94EF3}.Release|x86.ActiveCfg = Release|Any CPU
		{08533505-018C-47D8-B87D-DFF8C744CD12}.Debug|Any CPU.ActiveCfg = Debug|Any CPU
		{08533505-018C-47D8-B87D-DFF8C744CD12}.Debug|Any CPU.Build.0 = Debug|Any CPU
		{08533505-018C-47D8-B87D-DFF8C744CD12}.Debug|x64.ActiveCfg = Debug|Any CPU
		{08533505-018C-47D8-B87D-DFF8C744CD12}.Debug|x86.ActiveCfg = Debug|Any CPU
		{08533505-018C-47D8-B87D-DFF8C744CD12}.Release|Any CPU.ActiveCfg = Release|Any CPU
		{08533505-018C-47D8-B87D-DFF8C744CD12}.Release|Any CPU.Build.0 = Release|Any CPU
		{08533505-018C-47D8-B87D-DFF8C744CD12}.Release|x64.ActiveCfg = Release|Any CPU
		{08533505-018C-47D8-B87D-DFF8C744CD12}.Release|x86.ActiveCfg = Release|Any CPU
		{4766FB39-86F8-4BB6-88F0-5EDC177E9E0B}.Debug|Any CPU.ActiveCfg = Debug|Any CPU
		{4766FB39-86F8-4BB6-88F0-5EDC177E9E0B}.Debug|Any CPU.Build.0 = Debug|Any CPU
		{4766FB39-86F8-4BB6-88F0-5EDC177E9E0B}.Debug|x64.ActiveCfg = Debug|Any CPU
		{4766FB39-86F8-4BB6-88F0-5EDC177E9E0B}.Debug|x86.ActiveCfg = Debug|Any CPU
		{4766FB39-86F8-4BB6-88F0-5EDC177E9E0B}.Release|Any CPU.ActiveCfg = Release|Any CPU
		{4766FB39-86F8-4BB6-88F0-5EDC177E9E0B}.Release|Any CPU.Build.0 = Release|Any CPU
		{4766FB39-86F8-4BB6-88F0-5EDC177E9E0B}.Release|x64.ActiveCfg = Release|Any CPU
		{4766FB39-86F8-4BB6-88F0-5EDC177E9E0B}.Release|x86.ActiveCfg = Release|Any CPU
		{ACF2355D-7586-4571-ACAB-A219504A86CC}.Debug|Any CPU.ActiveCfg = Debug|Any CPU
		{ACF2355D-7586-4571-ACAB-A219504A86CC}.Debug|Any CPU.Build.0 = Debug|Any CPU
		{ACF2355D-7586-4571-ACAB-A219504A86CC}.Debug|x64.ActiveCfg = Debug|Any CPU
		{ACF2355D-7586-4571-ACAB-A219504A86CC}.Debug|x86.ActiveCfg = Debug|Any CPU
		{ACF2355D-7586-4571-ACAB-A219504A86CC}.Release|Any CPU.ActiveCfg = Release|Any CPU
		{ACF2355D-7586-4571-ACAB-A219504A86CC}.Release|Any CPU.Build.0 = Release|Any CPU
		{ACF2355D-7586-4571-ACAB-A219504A86CC}.Release|x64.ActiveCfg = Release|Any CPU
		{ACF2355D-7586-4571-ACAB-A219504A86CC}.Release|x86.ActiveCfg = Release|Any CPU
	EndGlobalSection
	GlobalSection(SolutionProperties) = preSolution
		HideSolutionNode = FALSE
	EndGlobalSection
	GlobalSection(NestedProjects) = preSolution
		{B3227810-9DDB-4AFB-BE19-1D5D50B94EF3} = {BABE9DFE-0A54-4633-9546-0C930F4EC2C4}
		{08533505-018C-47D8-B87D-DFF8C744CD12} = {BABE9DFE-0A54-4633-9546-0C930F4EC2C4}
		{4766FB39-86F8-4BB6-88F0-5EDC177E9E0B} = {BABE9DFE-0A54-4633-9546-0C930F4EC2C4}
		{ACF2355D-7586-4571-ACAB-A219504A86CC} = {BABE9DFE-0A54-4633-9546-0C930F4EC2C4}
	EndGlobalSection
EndGlobal
